// !$*UTF8*$!
{
	archiveVersion = 1;
	classes = {
	};
	objectVersion = 77;
	objects = {

/* Begin PBXBuildFile section */
		007C4AA895BBE01AF5484E05 /* foundation--superscript.svg in Resources */ = {isa = PBXBuildFile; fileRef = 6ADB8DAE31087CC333837561 /* foundation--superscript.svg */; };
		0EFA08D054931AF55FD0F8E2 /* AppState.swift in Sources */ = {isa = PBXBuildFile; fileRef = E7D5454615A8E35D022D4BD7 /* AppState.swift */; };
		11701E4391A0E77B9B967EA7 /* PersistenceManager.swift in Sources */ = {isa = PBXBuildFile; fileRef = 2059BA98942ABD1D27472D9C /* PersistenceManager.swift */; };
		147471014F56ABCFA799F3D3 /* NoteIconMapper.swift in Sources */ = {isa = PBXBuildFile; fileRef = A663A048E025ECCE9C78614C /* NoteIconMapper.swift */; };
		1F148C1A978D79FE7C4D0FC9 /* foundation--align-right.svg in Resources */ = {isa = PBXBuildFile; fileRef = D63BD554835C83476696F59B /* foundation--align-right.svg */; };
		2008F53F6385F3DD6BB8ED46 /* foundation--indent-more.svg in Resources */ = {isa = PBXBuildFile; fileRef = D483BB2FEA4B6ACC058CA9DD /* foundation--indent-more.svg */; };
		21AB6A3E3BAD176604265326 /* TriliumClient.swift in Sources */ = {isa = PBXBuildFile; fileRef = 249E7C91F07B5FD3497BD03B /* TriliumClient.swift */; };
		24A5934903CA0328DC77F7C9 /* grid-1524-svgrepo-com.svg in Resources */ = {isa = PBXBuildFile; fileRef = 5969F8D00BD34ABC1E9EC8EC /* grid-1524-svgrepo-com.svg */; };
		2508336DDF81992B24C7022B /* NoteDetailView.swift in Sources */ = {isa = PBXBuildFile; fileRef = 9C1D451423D16ED02B9D2F08 /* NoteDetailView.swift */; };
		26DED1490B2A8F010D1FB147 /* foundation--link.svg in Resources */ = {isa = PBXBuildFile; fileRef = 8C1E58A43D677A77422C60F8 /* foundation--link.svg */; };
		2823CA06FDC279B3B1CEF6A7 /* ImageNoteView.swift in Sources */ = {isa = PBXBuildFile; fileRef = 39B37BDC43F4BED10FE46D8C /* ImageNoteView.swift */; };
		28590D18EAFD3460B1F20CFF /* Extensions.swift in Sources */ = {isa = PBXBuildFile; fileRef = DC5A541DB5BB96A0C4140B84 /* Extensions.swift */; };
		2A540F5768BF7E3DABB00D07 /* tiptap-bundle.min.js in Resources */ = {isa = PBXBuildFile; fileRef = B857A5416E4E02EC928F9D4E /* tiptap-bundle.min.js */; };
		2CC5729ECDB0A2DDEB4D829F /* foundation--italic.svg in Resources */ = {isa = PBXBuildFile; fileRef = 6E892569D816B149CB4FEB17 /* foundation--italic.svg */; };
		2D17A784AB6314059B5DA224 /* MainTabView.swift in Sources */ = {isa = PBXBuildFile; fileRef = 58E35A95D834F9ED10124E8C /* MainTabView.swift */; };
		32C5AF94F817CAF4DA9E2C13 /* foundation--align-left.svg in Resources */ = {isa = PBXBuildFile; fileRef = 945D78F7DA24BB3EEFD7856F /* foundation--align-left.svg */; };
		336DD527AE92EED69184769A /* MockTriliumClient.swift in Sources */ = {isa = PBXBuildFile; fileRef = 37B2B343CBAA6D9A2FCBAFB1 /* MockTriliumClient.swift */; };
		346FABDA37BE3FE134EDB537 /* TriliumClientTests.swift in Sources */ = {isa = PBXBuildFile; fileRef = 8AC5C7BB1E83A9D79A38E4C4 /* TriliumClientTests.swift */; };
		36AB1713B91628E2DC1D536A /* LoginView.swift in Sources */ = {isa = PBXBuildFile; fileRef = F6122E2190A9A71E4B89D6B5 /* LoginView.swift */; };
		3784A07EE90F72A0B719B269 /* RichTextEditorView.swift in Sources */ = {isa = PBXBuildFile; fileRef = BDEB7455F735FE8547DA9F22 /* RichTextEditorView.swift */; };
		38D29E7765B905D96A31A9FB /* TestFixtures.swift in Sources */ = {isa = PBXBuildFile; fileRef = E765F53E06306CA14E16259C /* TestFixtures.swift */; };
		3A8D0A8A9AA14A59D6E8759F /* RecentsView.swift in Sources */ = {isa = PBXBuildFile; fileRef = 77A3D919408CE8E3755F5AE1 /* RecentsView.swift */; };
		41090F16C1236D56B925D9EB /* FileNoteView.swift in Sources */ = {isa = PBXBuildFile; fileRef = AE7597C94909420E94C9077D /* FileNoteView.swift */; };
		415C74AB6F72D0A68D671C6E /* foundation--list-bullet.svg in Resources */ = {isa = PBXBuildFile; fileRef = 146AB0FD715B2568B8A3E26A /* foundation--list-bullet.svg */; };
		45E907B96EF0F9B902753FF8 /* Assets.xcassets in Resources */ = {isa = PBXBuildFile; fileRef = A490F444F007B481DE77966E /* Assets.xcassets */; };
		4716758CAB2730D2AA57B88D /* foundation--bold.svg in Resources */ = {isa = PBXBuildFile; fileRef = B393DECB1E6BF4DEC5571146 /* foundation--bold.svg */; };
		4B28D28488BC8CF0DD527942 /* foundation--strikethrough.svg in Resources */ = {isa = PBXBuildFile; fileRef = 06C00ADA94016E8FF84DCAF7 /* foundation--strikethrough.svg */; };
		4F695659084A017E8ACB5593 /* foundation--list-thumbnails.svg in Resources */ = {isa = PBXBuildFile; fileRef = 891F490DC2A7950824EDBDA3 /* foundation--list-thumbnails.svg */; };
		52B845F2745DF7B4D2B7EC6E /* SettingsView.swift in Sources */ = {isa = PBXBuildFile; fileRef = 1720E54BC8875DE841791639 /* SettingsView.swift */; };
		52F1C538FCFBAD1479267D82 /* PersistenceTests.swift in Sources */ = {isa = PBXBuildFile; fileRef = A98259A6DF368095134B61CA /* PersistenceTests.swift */; };
		59A4AE7025EA27912573CA6B /* redo-svgrepo-com.svg in Resources */ = {isa = PBXBuildFile; fileRef = 8B4968B5549944ACE5D4380C /* redo-svgrepo-com.svg */; };
		5F0DCDF0980DCAC13D415E9C /* TreeView.swift in Sources */ = {isa = PBXBuildFile; fileRef = BECDAF56F7CB4A1A4ACAC69C /* TreeView.swift */; };
		6012013145C42363337DB5C7 /* editor.html in Resources */ = {isa = PBXBuildFile; fileRef = E23FEB5DDF9E5C1E60ECE1DA /* editor.html */; };
		6321501EBCD8D71B1507C39D /* Logger.swift in Sources */ = {isa = PBXBuildFile; fileRef = 5F8E5D882D6DDA31878895DD /* Logger.swift */; };
		66D81ED8AC679EC55AC559DA /* ColorTheme.swift in Sources */ = {isa = PBXBuildFile; fileRef = FC90F99DC2E0F685420CF348 /* ColorTheme.swift */; };
		6C3A8B954D4BD234D17929C9 /* NetworkMonitor.swift in Sources */ = {isa = PBXBuildFile; fileRef = 3929428A84176EDED9880427 /* NetworkMonitor.swift */; };
		703BAC549597ECEA89DCC500 /* brackets-curly-fill-svgrepo-com.svg in Resources */ = {isa = PBXBuildFile; fileRef = 88909BEFDBF46EE21257326A /* brackets-curly-fill-svgrepo-com.svg */; };
		715E5F238638BFC7AE473B11 /* ExtensionsTests.swift in Sources */ = {isa = PBXBuildFile; fileRef = 8395F0FD4E171E30A6104B54 /* ExtensionsTests.swift */; };
		7200DFDF0217560192A6E210 /* ServerProfile.swift in Sources */ = {isa = PBXBuildFile; fileRef = 920CD6E3D2E310DF3CFF77D3 /* ServerProfile.swift */; };
		752D257A5FE7650497D31B13 /* SyncManager.swift in Sources */ = {isa = PBXBuildFile; fileRef = ADC78372090A0C5E9677A3A1 /* SyncManager.swift */; };
		754A879FA1DDA37170AA53EA /* APIError.swift in Sources */ = {isa = PBXBuildFile; fileRef = 4DF31C259EBF673F7FCCDB07 /* APIError.swift */; };
		77CE8160467A1C1219E65126 /* CanvasNoteView.swift in Sources */ = {isa = PBXBuildFile; fileRef = 70DD2F5B755B2992B776788C /* CanvasNoteView.swift */; };
		7EF64F1975476BC22F6B875F /* SearchView.swift in Sources */ = {isa = PBXBuildFile; fileRef = 9F25E751790AEBB67409085F /* SearchView.swift */; };
		8039B2EF435A58D62FA03A13 /* foundation--text-color.svg in Resources */ = {isa = PBXBuildFile; fileRef = 9E3AB2A20E06C69EFF2C5524 /* foundation--text-color.svg */; };
		81BF8F88AB7C406DA2A1E683 /* undo-left-svgrepo-com.svg in Resources */ = {isa = PBXBuildFile; fileRef = EDBF42CDEF8C3511E9C8E7AA /* undo-left-svgrepo-com.svg */; };
		905462682BBDBC46762AE4FE /* TreeViewModel.swift in Sources */ = {isa = PBXBuildFile; fileRef = BF35CAAA26B126CB2DCF097E /* TreeViewModel.swift */; };
		90DE97BC948538E991977EEC /* CachedNote.swift in Sources */ = {isa = PBXBuildFile; fileRef = B658A74BC9AEC680499F07D2 /* CachedNote.swift */; };
		9131135FA6420E0CC16654A9 /* NoteType.swift in Sources */ = {isa = PBXBuildFile; fileRef = F2101195DB673E981D8BFF8D /* NoteType.swift */; };
		917A96BC08B8E6C3A9CAC65F /* foundation--subscript.svg in Resources */ = {isa = PBXBuildFile; fileRef = 0D630040CD028DB80C8762B4 /* foundation--subscript.svg */; };
		927C4DE99C0DD517A00D8032 /* foundation--quote.svg in Resources */ = {isa = PBXBuildFile; fileRef = FB6E2814BE21226A8F2E7C60 /* foundation--quote.svg */; };
		927CB9203695D0336F3748AB /* mermaid-viewer.html in Resources */ = {isa = PBXBuildFile; fileRef = A377AEA5E255F0F13C082957 /* mermaid-viewer.html */; };
		933C1C1261D4E8FF7507B591 /* foundation--list-number.svg in Resources */ = {isa = PBXBuildFile; fileRef = 450845F005B73E275668162E /* foundation--list-number.svg */; };
		95C0EBFDEC9BABF57A0BCDAA /* foundation--background-color.svg in Resources */ = {isa = PBXBuildFile; fileRef = 97E4AD9FF91A5A323378D191 /* foundation--background-color.svg */; };
		9907D7E173E94B312467F272 /* remove-format-svgrepo-com.svg in Resources */ = {isa = PBXBuildFile; fileRef = D11195780195945D20578DBC /* remove-format-svgrepo-com.svg */; };
		9B827F096D39C5C62D932ECE /* TrinoteApp.swift in Sources */ = {isa = PBXBuildFile; fileRef = AB108C86A70FD87F507D03BD /* TrinoteApp.swift */; };
		A2966067024870CED7AF6BF3 /* foundation--underline.svg in Resources */ = {isa = PBXBuildFile; fileRef = E080DF540CD7F4B8B591B61B /* foundation--underline.svg */; };
		A517E2EFD4BA477B742B54E8 /* foundation--align-center.svg in Resources */ = {isa = PBXBuildFile; fileRef = BD365F7D6E21D5DDE091CE2B /* foundation--align-center.svg */; };
		A98BCF4F35678C3BC26C79F5 /* MermaidNoteView.swift in Sources */ = {isa = PBXBuildFile; fileRef = 74E7B6808B3E4E5B37571814 /* MermaidNoteView.swift */; };
		AADD40CE60536A778D25ABC6 /* SearchViewModel.swift in Sources */ = {isa = PBXBuildFile; fileRef = 45DE7A2E5DD13B23FCA4BB3D /* SearchViewModel.swift */; };
		B21B91E06C7A2A4A61CCAD94 /* TreeLogicTests.swift in Sources */ = {isa = PBXBuildFile; fileRef = E0695672268431416656CCF5 /* TreeLogicTests.swift */; };
		BA058CB3620244D865267114 /* AuthViewModel.swift in Sources */ = {isa = PBXBuildFile; fileRef = 8BD83219F3744970F227A56F /* AuthViewModel.swift */; };
		BC83C597BC6AA79CDF0532C1 /* KeychainManager.swift in Sources */ = {isa = PBXBuildFile; fileRef = 178134F5BCDB4C037350F723 /* KeychainManager.swift */; };
		BDA9ED41676C4E96C0720D54 /* foundation--photo.svg in Resources */ = {isa = PBXBuildFile; fileRef = 1C1D51142D13B0BB11842191 /* foundation--photo.svg */; };
		CA001E8DA05CB33A8A727F0F /* APIModels.swift in Sources */ = {isa = PBXBuildFile; fileRef = 699221EF7D1A7712BA258AA4 /* APIModels.swift */; };
		CFF699CA926E6A669A3FABB3 /* DomainModels.swift in Sources */ = {isa = PBXBuildFile; fileRef = 822FE342C347D84B68B15FE7 /* DomainModels.swift */; };
		DCA2D4C01F2C0F6728EAB3F7 /* AttachmentPickerView.swift in Sources */ = {isa = PBXBuildFile; fileRef = 65E9E10D55EDD3F3F92FFDDA /* AttachmentPickerView.swift */; };
		DCB0E9CF1280953AAE767220 /* KeychainManagerTests.swift in Sources */ = {isa = PBXBuildFile; fileRef = 95634B23DF7475A4690DB47D /* KeychainManagerTests.swift */; };
		DD54232A8303943D63FA846B /* foundation--indent-less.svg in Resources */ = {isa = PBXBuildFile; fileRef = EDD0BF2D056A986B7778DEC6 /* foundation--indent-less.svg */; };
		E0F077A034E7D1976D6446AD /* CodeNoteView.swift in Sources */ = {isa = PBXBuildFile; fileRef = 3EBB82DFC0306F6AAF8618E3 /* CodeNoteView.swift */; };
		E19CB9A8C9C6624836C2979F /* HTMLNoteView.swift in Sources */ = {isa = PBXBuildFile; fileRef = 0669C2E01C1A5256D581E41C /* HTMLNoteView.swift */; };
		F2396CB0C9B8B8E54A85CFB1 /* foundation--align-justify.svg in Resources */ = {isa = PBXBuildFile; fileRef = 2A5E4D18E64DBAA3F6546624 /* foundation--align-justify.svg */; };
		F414518B2D2A1CAB40F8F409 /* NoteDetailViewModel.swift in Sources */ = {isa = PBXBuildFile; fileRef = 927E684525FD7009875C14D8 /* NoteDetailViewModel.swift */; };
		FCEC218817945E3C3CA791D4 /* canvas-viewer.html in Resources */ = {isa = PBXBuildFile; fileRef = F4249931C14AD08E0B921E2D /* canvas-viewer.html */; };
/* End PBXBuildFile section */

/* Begin PBXContainerItemProxy section */
		5BB4C912322CB5882B0E8CEE /* PBXContainerItemProxy */ = {
			isa = PBXContainerItemProxy;
			containerPortal = 7C2B6C3A4D13F124E4F30C69 /* Project object */;
			proxyType = 1;
			remoteGlobalIDString = 9734BE1E0959CAA3C4E8B028;
			remoteInfo = TriliumMobile;
		};
/* End PBXContainerItemProxy section */

/* Begin PBXFileReference section */
		0669C2E01C1A5256D581E41C /* HTMLNoteView.swift */ = {isa = PBXFileReference; lastKnownFileType = sourcecode.swift; path = HTMLNoteView.swift; sourceTree = "<group>"; };
		06C00ADA94016E8FF84DCAF7 /* foundation--strikethrough.svg */ = {isa = PBXFileReference; lastKnownFileType = text; path = "foundation--strikethrough.svg"; sourceTree = "<group>"; };
		0D630040CD028DB80C8762B4 /* foundation--subscript.svg */ = {isa = PBXFileReference; lastKnownFileType = text; path = "foundation--subscript.svg"; sourceTree = "<group>"; };
		146AB0FD715B2568B8A3E26A /* foundation--list-bullet.svg */ = {isa = PBXFileReference; lastKnownFileType = text; path = "foundation--list-bullet.svg"; sourceTree = "<group>"; };
		16363ACC91D7E8D1848BB1D5 /* TriliumMobile.app */ = {isa = PBXFileReference; explicitFileType = wrapper.application; includeInIndex = 0; path = TriliumMobile.app; sourceTree = BUILT_PRODUCTS_DIR; };
		1720E54BC8875DE841791639 /* SettingsView.swift */ = {isa = PBXFileReference; lastKnownFileType = sourcecode.swift; path = SettingsView.swift; sourceTree = "<group>"; };
		178134F5BCDB4C037350F723 /* KeychainManager.swift */ = {isa = PBXFileReference; lastKnownFileType = sourcecode.swift; path = KeychainManager.swift; sourceTree = "<group>"; };
		1C1D51142D13B0BB11842191 /* foundation--photo.svg */ = {isa = PBXFileReference; lastKnownFileType = text; path = "foundation--photo.svg"; sourceTree = "<group>"; };
		2059BA98942ABD1D27472D9C /* PersistenceManager.swift */ = {isa = PBXFileReference; lastKnownFileType = sourcecode.swift; path = PersistenceManager.swift; sourceTree = "<group>"; };
		249E7C91F07B5FD3497BD03B /* TriliumClient.swift */ = {isa = PBXFileReference; lastKnownFileType = sourcecode.swift; path = TriliumClient.swift; sourceTree = "<group>"; };
		2A5E4D18E64DBAA3F6546624 /* foundation--align-justify.svg */ = {isa = PBXFileReference; lastKnownFileType = text; path = "foundation--align-justify.svg"; sourceTree = "<group>"; };
		37B2B343CBAA6D9A2FCBAFB1 /* MockTriliumClient.swift */ = {isa = PBXFileReference; lastKnownFileType = sourcecode.swift; path = MockTriliumClient.swift; sourceTree = "<group>"; };
		3929428A84176EDED9880427 /* NetworkMonitor.swift */ = {isa = PBXFileReference; lastKnownFileType = sourcecode.swift; path = NetworkMonitor.swift; sourceTree = "<group>"; };
		39B37BDC43F4BED10FE46D8C /* ImageNoteView.swift */ = {isa = PBXFileReference; lastKnownFileType = sourcecode.swift; path = ImageNoteView.swift; sourceTree = "<group>"; };
		3EBB82DFC0306F6AAF8618E3 /* CodeNoteView.swift */ = {isa = PBXFileReference; lastKnownFileType = sourcecode.swift; path = CodeNoteView.swift; sourceTree = "<group>"; };
		450845F005B73E275668162E /* foundation--list-number.svg */ = {isa = PBXFileReference; lastKnownFileType = text; path = "foundation--list-number.svg"; sourceTree = "<group>"; };
		45DE7A2E5DD13B23FCA4BB3D /* SearchViewModel.swift */ = {isa = PBXFileReference; lastKnownFileType = sourcecode.swift; path = SearchViewModel.swift; sourceTree = "<group>"; };
		4DF31C259EBF673F7FCCDB07 /* APIError.swift */ = {isa = PBXFileReference; lastKnownFileType = sourcecode.swift; path = APIError.swift; sourceTree = "<group>"; };
		58E35A95D834F9ED10124E8C /* MainTabView.swift */ = {isa = PBXFileReference; lastKnownFileType = sourcecode.swift; path = MainTabView.swift; sourceTree = "<group>"; };
		5969F8D00BD34ABC1E9EC8EC /* grid-1524-svgrepo-com.svg */ = {isa = PBXFileReference; lastKnownFileType = text; path = "grid-1524-svgrepo-com.svg"; sourceTree = "<group>"; };
		5F8E5D882D6DDA31878895DD /* Logger.swift */ = {isa = PBXFileReference; lastKnownFileType = sourcecode.swift; path = Logger.swift; sourceTree = "<group>"; };
		65E9E10D55EDD3F3F92FFDDA /* AttachmentPickerView.swift */ = {isa = PBXFileReference; lastKnownFileType = sourcecode.swift; path = AttachmentPickerView.swift; sourceTree = "<group>"; };
		699221EF7D1A7712BA258AA4 /* APIModels.swift */ = {isa = PBXFileReference; lastKnownFileType = sourcecode.swift; path = APIModels.swift; sourceTree = "<group>"; };
		6ADB8DAE31087CC333837561 /* foundation--superscript.svg */ = {isa = PBXFileReference; lastKnownFileType = text; path = "foundation--superscript.svg"; sourceTree = "<group>"; };
		6BA2982B3E8F898B17FA792F /* TriliumMobileTests.xctest */ = {isa = PBXFileReference; includeInIndex = 0; lastKnownFileType = wrapper.cfbundle; path = TriliumMobileTests.xctest; sourceTree = BUILT_PRODUCTS_DIR; };
		6E892569D816B149CB4FEB17 /* foundation--italic.svg */ = {isa = PBXFileReference; lastKnownFileType = text; path = "foundation--italic.svg"; sourceTree = "<group>"; };
		70DD2F5B755B2992B776788C /* CanvasNoteView.swift */ = {isa = PBXFileReference; lastKnownFileType = sourcecode.swift; path = CanvasNoteView.swift; sourceTree = "<group>"; };
		74E7B6808B3E4E5B37571814 /* MermaidNoteView.swift */ = {isa = PBXFileReference; lastKnownFileType = sourcecode.swift; path = MermaidNoteView.swift; sourceTree = "<group>"; };
		77A3D919408CE8E3755F5AE1 /* RecentsView.swift */ = {isa = PBXFileReference; lastKnownFileType = sourcecode.swift; path = RecentsView.swift; sourceTree = "<group>"; };
		822FE342C347D84B68B15FE7 /* DomainModels.swift */ = {isa = PBXFileReference; lastKnownFileType = sourcecode.swift; path = DomainModels.swift; sourceTree = "<group>"; };
		8395F0FD4E171E30A6104B54 /* ExtensionsTests.swift */ = {isa = PBXFileReference; lastKnownFileType = sourcecode.swift; path = ExtensionsTests.swift; sourceTree = "<group>"; };
		88909BEFDBF46EE21257326A /* brackets-curly-fill-svgrepo-com.svg */ = {isa = PBXFileReference; lastKnownFileType = text; path = "brackets-curly-fill-svgrepo-com.svg"; sourceTree = "<group>"; };
		891F490DC2A7950824EDBDA3 /* foundation--list-thumbnails.svg */ = {isa = PBXFileReference; lastKnownFileType = text; path = "foundation--list-thumbnails.svg"; sourceTree = "<group>"; };
		8AC5C7BB1E83A9D79A38E4C4 /* TriliumClientTests.swift */ = {isa = PBXFileReference; lastKnownFileType = sourcecode.swift; path = TriliumClientTests.swift; sourceTree = "<group>"; };
		8B4968B5549944ACE5D4380C /* redo-svgrepo-com.svg */ = {isa = PBXFileReference; lastKnownFileType = text; path = "redo-svgrepo-com.svg"; sourceTree = "<group>"; };
		8BD83219F3744970F227A56F /* AuthViewModel.swift */ = {isa = PBXFileReference; lastKnownFileType = sourcecode.swift; path = AuthViewModel.swift; sourceTree = "<group>"; };
		8C1E58A43D677A77422C60F8 /* foundation--link.svg */ = {isa = PBXFileReference; lastKnownFileType = text; path = "foundation--link.svg"; sourceTree = "<group>"; };
		920CD6E3D2E310DF3CFF77D3 /* ServerProfile.swift */ = {isa = PBXFileReference; lastKnownFileType = sourcecode.swift; path = ServerProfile.swift; sourceTree = "<group>"; };
		927E684525FD7009875C14D8 /* NoteDetailViewModel.swift */ = {isa = PBXFileReference; lastKnownFileType = sourcecode.swift; path = NoteDetailViewModel.swift; sourceTree = "<group>"; };
		9351613C3AA5C29DEF32998B /* Info.plist */ = {isa = PBXFileReference; lastKnownFileType = text.plist; path = Info.plist; sourceTree = "<group>"; };
		945D78F7DA24BB3EEFD7856F /* foundation--align-left.svg */ = {isa = PBXFileReference; lastKnownFileType = text; path = "foundation--align-left.svg"; sourceTree = "<group>"; };
		95634B23DF7475A4690DB47D /* KeychainManagerTests.swift */ = {isa = PBXFileReference; lastKnownFileType = sourcecode.swift; path = KeychainManagerTests.swift; sourceTree = "<group>"; };
		97E4AD9FF91A5A323378D191 /* foundation--background-color.svg */ = {isa = PBXFileReference; lastKnownFileType = text; path = "foundation--background-color.svg"; sourceTree = "<group>"; };
		9C1D451423D16ED02B9D2F08 /* NoteDetailView.swift */ = {isa = PBXFileReference; lastKnownFileType = sourcecode.swift; path = NoteDetailView.swift; sourceTree = "<group>"; };
		9E3AB2A20E06C69EFF2C5524 /* foundation--text-color.svg */ = {isa = PBXFileReference; lastKnownFileType = text; path = "foundation--text-color.svg"; sourceTree = "<group>"; };
		9F25E751790AEBB67409085F /* SearchView.swift */ = {isa = PBXFileReference; lastKnownFileType = sourcecode.swift; path = SearchView.swift; sourceTree = "<group>"; };
		A377AEA5E255F0F13C082957 /* mermaid-viewer.html */ = {isa = PBXFileReference; lastKnownFileType = text.html; path = "mermaid-viewer.html"; sourceTree = "<group>"; };
		A490F444F007B481DE77966E /* Assets.xcassets */ = {isa = PBXFileReference; lastKnownFileType = folder.assetcatalog; path = Assets.xcassets; sourceTree = "<group>"; };
		A663A048E025ECCE9C78614C /* NoteIconMapper.swift */ = {isa = PBXFileReference; lastKnownFileType = sourcecode.swift; path = NoteIconMapper.swift; sourceTree = "<group>"; };
		A98259A6DF368095134B61CA /* PersistenceTests.swift */ = {isa = PBXFileReference; lastKnownFileType = sourcecode.swift; path = PersistenceTests.swift; sourceTree = "<group>"; };
		AB108C86A70FD87F507D03BD /* TrinoteApp.swift */ = {isa = PBXFileReference; lastKnownFileType = sourcecode.swift; path = TrinoteApp.swift; sourceTree = "<group>"; };
		ADC78372090A0C5E9677A3A1 /* SyncManager.swift */ = {isa = PBXFileReference; lastKnownFileType = sourcecode.swift; path = SyncManager.swift; sourceTree = "<group>"; };
		AE7597C94909420E94C9077D /* FileNoteView.swift */ = {isa = PBXFileReference; lastKnownFileType = sourcecode.swift; path = FileNoteView.swift; sourceTree = "<group>"; };
		B393DECB1E6BF4DEC5571146 /* foundation--bold.svg */ = {isa = PBXFileReference; lastKnownFileType = text; path = "foundation--bold.svg"; sourceTree = "<group>"; };
		B658A74BC9AEC680499F07D2 /* CachedNote.swift */ = {isa = PBXFileReference; lastKnownFileType = sourcecode.swift; path = CachedNote.swift; sourceTree = "<group>"; };
		B857A5416E4E02EC928F9D4E /* tiptap-bundle.min.js */ = {isa = PBXFileReference; lastKnownFileType = sourcecode.javascript; path = "tiptap-bundle.min.js"; sourceTree = "<group>"; };
		BD365F7D6E21D5DDE091CE2B /* foundation--align-center.svg */ = {isa = PBXFileReference; lastKnownFileType = text; path = "foundation--align-center.svg"; sourceTree = "<group>"; };
		BDEB7455F735FE8547DA9F22 /* RichTextEditorView.swift */ = {isa = PBXFileReference; lastKnownFileType = sourcecode.swift; path = RichTextEditorView.swift; sourceTree = "<group>"; };
		BECDAF56F7CB4A1A4ACAC69C /* TreeView.swift */ = {isa = PBXFileReference; lastKnownFileType = sourcecode.swift; path = TreeView.swift; sourceTree = "<group>"; };
		BF35CAAA26B126CB2DCF097E /* TreeViewModel.swift */ = {isa = PBXFileReference; lastKnownFileType = sourcecode.swift; path = TreeViewModel.swift; sourceTree = "<group>"; };
		D11195780195945D20578DBC /* remove-format-svgrepo-com.svg */ = {isa = PBXFileReference; lastKnownFileType = text; path = "remove-format-svgrepo-com.svg"; sourceTree = "<group>"; };
		D483BB2FEA4B6ACC058CA9DD /* foundation--indent-more.svg */ = {isa = PBXFileReference; lastKnownFileType = text; path = "foundation--indent-more.svg"; sourceTree = "<group>"; };
		D63BD554835C83476696F59B /* foundation--align-right.svg */ = {isa = PBXFileReference; lastKnownFileType = text; path = "foundation--align-right.svg"; sourceTree = "<group>"; };
		DC5A541DB5BB96A0C4140B84 /* Extensions.swift */ = {isa = PBXFileReference; lastKnownFileType = sourcecode.swift; path = Extensions.swift; sourceTree = "<group>"; };
		E0695672268431416656CCF5 /* TreeLogicTests.swift */ = {isa = PBXFileReference; lastKnownFileType = sourcecode.swift; path = TreeLogicTests.swift; sourceTree = "<group>"; };
		E080DF540CD7F4B8B591B61B /* foundation--underline.svg */ = {isa = PBXFileReference; lastKnownFileType = text; path = "foundation--underline.svg"; sourceTree = "<group>"; };
		E23FEB5DDF9E5C1E60ECE1DA /* editor.html */ = {isa = PBXFileReference; lastKnownFileType = text.html; path = editor.html; sourceTree = "<group>"; };
		E765F53E06306CA14E16259C /* TestFixtures.swift */ = {isa = PBXFileReference; lastKnownFileType = sourcecode.swift; path = TestFixtures.swift; sourceTree = "<group>"; };
		E7D5454615A8E35D022D4BD7 /* AppState.swift */ = {isa = PBXFileReference; lastKnownFileType = sourcecode.swift; path = AppState.swift; sourceTree = "<group>"; };
		EDBF42CDEF8C3511E9C8E7AA /* undo-left-svgrepo-com.svg */ = {isa = PBXFileReference; lastKnownFileType = text; path = "undo-left-svgrepo-com.svg"; sourceTree = "<group>"; };
		EDD0BF2D056A986B7778DEC6 /* foundation--indent-less.svg */ = {isa = PBXFileReference; lastKnownFileType = text; path = "foundation--indent-less.svg"; sourceTree = "<group>"; };
		F2101195DB673E981D8BFF8D /* NoteType.swift */ = {isa = PBXFileReference; lastKnownFileType = sourcecode.swift; path = NoteType.swift; sourceTree = "<group>"; };
		F4249931C14AD08E0B921E2D /* canvas-viewer.html */ = {isa = PBXFileReference; lastKnownFileType = text.html; path = "canvas-viewer.html"; sourceTree = "<group>"; };
		F6122E2190A9A71E4B89D6B5 /* LoginView.swift */ = {isa = PBXFileReference; lastKnownFileType = sourcecode.swift; path = LoginView.swift; sourceTree = "<group>"; };
		FB6E2814BE21226A8F2E7C60 /* foundation--quote.svg */ = {isa = PBXFileReference; lastKnownFileType = text; path = "foundation--quote.svg"; sourceTree = "<group>"; };
		FC90F99DC2E0F685420CF348 /* ColorTheme.swift */ = {isa = PBXFileReference; lastKnownFileType = sourcecode.swift; path = ColorTheme.swift; sourceTree = "<group>"; };
/* End PBXFileReference section */

/* Begin PBXGroup section */
		0B4B1F23B5A2434AB122F12E /* Tree */ = {
			isa = PBXGroup;
			children = (
				BECDAF56F7CB4A1A4ACAC69C /* TreeView.swift */,
				BF35CAAA26B126CB2DCF097E /* TreeViewModel.swift */,
			);
			path = Tree;
			sourceTree = "<group>";
		};
		194AFAA632504FAFE4F3DF01 /* Attachments */ = {
			isa = PBXGroup;
			children = (
				65E9E10D55EDD3F3F92FFDDA /* AttachmentPickerView.swift */,
			);
			path = Attachments;
			sourceTree = "<group>";
		};
		28C3F8EB0EF6CF6040A2930F /* NoteDetail */ = {
			isa = PBXGroup;
			children = (
				70DD2F5B755B2992B776788C /* CanvasNoteView.swift */,
				3EBB82DFC0306F6AAF8618E3 /* CodeNoteView.swift */,
				AE7597C94909420E94C9077D /* FileNoteView.swift */,
				0669C2E01C1A5256D581E41C /* HTMLNoteView.swift */,
				39B37BDC43F4BED10FE46D8C /* ImageNoteView.swift */,
				74E7B6808B3E4E5B37571814 /* MermaidNoteView.swift */,
				9C1D451423D16ED02B9D2F08 /* NoteDetailView.swift */,
				927E684525FD7009875C14D8 /* NoteDetailViewModel.swift */,
				BDEB7455F735FE8547DA9F22 /* RichTextEditorView.swift */,
			);
			path = NoteDetail;
			sourceTree = "<group>";
		};
		29F3EBC886008D92D91D4C9D /* TriliumMobile */ = {
			isa = PBXGroup;
			children = (
				82F22C48884A943862964AF4 /* App */,
				955C7BAC6F879D4A24794F92 /* Core */,
				2AE9C86751C7AE5BF02BEC00 /* Features */,
				E34E810EC4365359194B010C /* Resources */,
			);
			path = TriliumMobile;
			sourceTree = "<group>";
		};
		2AE9C86751C7AE5BF02BEC00 /* Features */ = {
			isa = PBXGroup;
			children = (
				194AFAA632504FAFE4F3DF01 /* Attachments */,
				DC1A463EA6649B7A39BF5EDA /* Auth */,
				28C3F8EB0EF6CF6040A2930F /* NoteDetail */,
				9ECDD990497D4AC6AAC5B4DD /* Search */,
				A7D53074B4BEB854D468732E /* Settings */,
				0B4B1F23B5A2434AB122F12E /* Tree */,
			);
			path = Features;
			sourceTree = "<group>";
		};
		3280CE69A4EDC0EE4B4E280E /* TriliumMobileTests */ = {
			isa = PBXGroup;
			children = (
				EDF08D0232A2AE40BAF8CA0A /* API */,
				A2AF3E2FD7F18E8D13808CF2 /* Mocks */,
				C0FECAF41213D36770818218 /* Models */,
				BC5E43B9D5EE9318A3E0E881 /* Persistence */,
				4A7C4A2F3429F2129AEEE1BB /* Security */,
				35D25AD86547A566453EF79A /* Utilities */,
				736C3B3D33DDC04BED32F30D /* ViewModels */,
			);
			path = TriliumMobileTests;
			sourceTree = "<group>";
		};
		35D25AD86547A566453EF79A /* Utilities */ = {
			isa = PBXGroup;
			children = (
				8395F0FD4E171E30A6104B54 /* ExtensionsTests.swift */,
			);
			path = Utilities;
			sourceTree = "<group>";
		};
		3D101F113E7467FAA041B643 /* Products */ = {
			isa = PBXGroup;
			children = (
				16363ACC91D7E8D1848BB1D5 /* TriliumMobile.app */,
				6BA2982B3E8F898B17FA792F /* TriliumMobileTests.xctest */,
			);
			name = Products;
			sourceTree = "<group>";
		};
		3FA7D8DBB7AAF9EC3451DE1C /* Models */ = {
			isa = PBXGroup;
			children = (
				B658A74BC9AEC680499F07D2 /* CachedNote.swift */,
				FC90F99DC2E0F685420CF348 /* ColorTheme.swift */,
				822FE342C347D84B68B15FE7 /* DomainModels.swift */,
				F2101195DB673E981D8BFF8D /* NoteType.swift */,
				920CD6E3D2E310DF3CFF77D3 /* ServerProfile.swift */,
			);
			path = Models;
			sourceTree = "<group>";
		};
		4A7C4A2F3429F2129AEEE1BB /* Security */ = {
			isa = PBXGroup;
			children = (
				95634B23DF7475A4690DB47D /* KeychainManagerTests.swift */,
			);
			path = Security;
			sourceTree = "<group>";
		};
		534223715D9F5E9AB3683FD4 /* editor-vendor */ = {
			isa = PBXGroup;
			children = (
				B857A5416E4E02EC928F9D4E /* tiptap-bundle.min.js */,
			);
			path = "editor-vendor";
			sourceTree = "<group>";
		};
		588C646E4849F041FBBD10B9 /* API */ = {
			isa = PBXGroup;
			children = (
				4DF31C259EBF673F7FCCDB07 /* APIError.swift */,
				699221EF7D1A7712BA258AA4 /* APIModels.swift */,
				249E7C91F07B5FD3497BD03B /* TriliumClient.swift */,
			);
			path = API;
			sourceTree = "<group>";
		};
		736C3B3D33DDC04BED32F30D /* ViewModels */ = {
			isa = PBXGroup;
			children = (
			);
			path = ViewModels;
			sourceTree = "<group>";
		};
		758F033D3958D769FA82CDE8 /* Persistence */ = {
			isa = PBXGroup;
			children = (
				2059BA98942ABD1D27472D9C /* PersistenceManager.swift */,
			);
			path = Persistence;
			sourceTree = "<group>";
		};
		82F22C48884A943862964AF4 /* App */ = {
			isa = PBXGroup;
			children = (
				E7D5454615A8E35D022D4BD7 /* AppState.swift */,
				58E35A95D834F9ED10124E8C /* MainTabView.swift */,
				AB108C86A70FD87F507D03BD /* TrinoteApp.swift */,
			);
			path = App;
			sourceTree = "<group>";
		};
		955C7BAC6F879D4A24794F92 /* Core */ = {
			isa = PBXGroup;
			children = (
				588C646E4849F041FBBD10B9 /* API */,
				3FA7D8DBB7AAF9EC3451DE1C /* Models */,
				758F033D3958D769FA82CDE8 /* Persistence */,
				962ECF999D61C74776A6505C /* Security */,
				CFAE4FBF61BE415FA3CD14D6 /* Sync */,
				B2E0C60549C7FA9771DEC1CE /* Utilities */,
			);
			path = Core;
			sourceTree = "<group>";
		};
		962ECF999D61C74776A6505C /* Security */ = {
			isa = PBXGroup;
			children = (
				178134F5BCDB4C037350F723 /* KeychainManager.swift */,
			);
			path = Security;
			sourceTree = "<group>";
		};
		999D7AE012A137BFDF2C84C1 = {
			isa = PBXGroup;
			children = (
				29F3EBC886008D92D91D4C9D /* TriliumMobile */,
				3280CE69A4EDC0EE4B4E280E /* TriliumMobileTests */,
				3D101F113E7467FAA041B643 /* Products */,
			);
			sourceTree = "<group>";
		};
		9ECDD990497D4AC6AAC5B4DD /* Search */ = {
			isa = PBXGroup;
			children = (
				9F25E751790AEBB67409085F /* SearchView.swift */,
				45DE7A2E5DD13B23FCA4BB3D /* SearchViewModel.swift */,
			);
			path = Search;
			sourceTree = "<group>";
		};
		A2AF3E2FD7F18E8D13808CF2 /* Mocks */ = {
			isa = PBXGroup;
			children = (
				37B2B343CBAA6D9A2FCBAFB1 /* MockTriliumClient.swift */,
				E765F53E06306CA14E16259C /* TestFixtures.swift */,
			);
			path = Mocks;
			sourceTree = "<group>";
		};
		A34709343FFF8491ACF32256 /* editor-icons */ = {
			isa = PBXGroup;
			children = (
				88909BEFDBF46EE21257326A /* brackets-curly-fill-svgrepo-com.svg */,
				BD365F7D6E21D5DDE091CE2B /* foundation--align-center.svg */,
				2A5E4D18E64DBAA3F6546624 /* foundation--align-justify.svg */,
				945D78F7DA24BB3EEFD7856F /* foundation--align-left.svg */,
				D63BD554835C83476696F59B /* foundation--align-right.svg */,
				97E4AD9FF91A5A323378D191 /* foundation--background-color.svg */,
				B393DECB1E6BF4DEC5571146 /* foundation--bold.svg */,
				EDD0BF2D056A986B7778DEC6 /* foundation--indent-less.svg */,
				D483BB2FEA4B6ACC058CA9DD /* foundation--indent-more.svg */,
				6E892569D816B149CB4FEB17 /* foundation--italic.svg */,
				8C1E58A43D677A77422C60F8 /* foundation--link.svg */,
				146AB0FD715B2568B8A3E26A /* foundation--list-bullet.svg */,
				450845F005B73E275668162E /* foundation--list-number.svg */,
				891F490DC2A7950824EDBDA3 /* foundation--list-thumbnails.svg */,
				1C1D51142D13B0BB11842191 /* foundation--photo.svg */,
				FB6E2814BE21226A8F2E7C60 /* foundation--quote.svg */,
				06C00ADA94016E8FF84DCAF7 /* foundation--strikethrough.svg */,
				0D630040CD028DB80C8762B4 /* foundation--subscript.svg */,
				6ADB8DAE31087CC333837561 /* foundation--superscript.svg */,
				9E3AB2A20E06C69EFF2C5524 /* foundation--text-color.svg */,
				E080DF540CD7F4B8B591B61B /* foundation--underline.svg */,
				5969F8D00BD34ABC1E9EC8EC /* grid-1524-svgrepo-com.svg */,
				8B4968B5549944ACE5D4380C /* redo-svgrepo-com.svg */,
				D11195780195945D20578DBC /* remove-format-svgrepo-com.svg */,
				EDBF42CDEF8C3511E9C8E7AA /* undo-left-svgrepo-com.svg */,
			);
			path = "editor-icons";
			sourceTree = "<group>";
		};
		A7D53074B4BEB854D468732E /* Settings */ = {
			isa = PBXGroup;
			children = (
				77A3D919408CE8E3755F5AE1 /* RecentsView.swift */,
				1720E54BC8875DE841791639 /* SettingsView.swift */,
			);
			path = Settings;
			sourceTree = "<group>";
		};
		B2E0C60549C7FA9771DEC1CE /* Utilities */ = {
			isa = PBXGroup;
			children = (
				DC5A541DB5BB96A0C4140B84 /* Extensions.swift */,
				5F8E5D882D6DDA31878895DD /* Logger.swift */,
				3929428A84176EDED9880427 /* NetworkMonitor.swift */,
				A663A048E025ECCE9C78614C /* NoteIconMapper.swift */,
			);
			path = Utilities;
			sourceTree = "<group>";
		};
		BC5E43B9D5EE9318A3E0E881 /* Persistence */ = {
			isa = PBXGroup;
			children = (
				A98259A6DF368095134B61CA /* PersistenceTests.swift */,
			);
			path = Persistence;
			sourceTree = "<group>";
		};
		C0FECAF41213D36770818218 /* Models */ = {
			isa = PBXGroup;
			children = (
				E0695672268431416656CCF5 /* TreeLogicTests.swift */,
			);
			path = Models;
			sourceTree = "<group>";
		};
		CFAE4FBF61BE415FA3CD14D6 /* Sync */ = {
			isa = PBXGroup;
			children = (
				ADC78372090A0C5E9677A3A1 /* SyncManager.swift */,
			);
			path = Sync;
			sourceTree = "<group>";
		};
		DC1A463EA6649B7A39BF5EDA /* Auth */ = {
			isa = PBXGroup;
			children = (
				8BD83219F3744970F227A56F /* AuthViewModel.swift */,
				F6122E2190A9A71E4B89D6B5 /* LoginView.swift */,
			);
			path = Auth;
			sourceTree = "<group>";
		};
		E34E810EC4365359194B010C /* Resources */ = {
			isa = PBXGroup;
			children = (
				A34709343FFF8491ACF32256 /* editor-icons */,
				534223715D9F5E9AB3683FD4 /* editor-vendor */,
				A490F444F007B481DE77966E /* Assets.xcassets */,
				F4249931C14AD08E0B921E2D /* canvas-viewer.html */,
				E23FEB5DDF9E5C1E60ECE1DA /* editor.html */,
				9351613C3AA5C29DEF32998B /* Info.plist */,
				A377AEA5E255F0F13C082957 /* mermaid-viewer.html */,
			);
			path = Resources;
			sourceTree = "<group>";
		};
		EDF08D0232A2AE40BAF8CA0A /* API */ = {
			isa = PBXGroup;
			children = (
				8AC5C7BB1E83A9D79A38E4C4 /* TriliumClientTests.swift */,
			);
			path = API;
			sourceTree = "<group>";
		};
/* End PBXGroup section */

/* Begin PBXNativeTarget section */
		9734BE1E0959CAA3C4E8B028 /* TriliumMobile */ = {
			isa = PBXNativeTarget;
			buildConfigurationList = AF461BEF58C8C4B467A89BBB /* Build configuration list for PBXNativeTarget "TriliumMobile" */;
			buildPhases = (
				5FFEA8C1B75AC68F91D34E5B /* Sources */,
				B771B6DEBFE9B27D1D63902B /* Resources */,
			);
			buildRules = (
			);
			dependencies = (
			);
			name = TriliumMobile;
			packageProductDependencies = (
			);
			productName = TriliumMobile;
			productReference = 16363ACC91D7E8D1848BB1D5 /* TriliumMobile.app */;
			productType = "com.apple.product-type.application";
		};
		FCD8CFE4B038A6C9338FFCAC /* TriliumMobileTests */ = {
			isa = PBXNativeTarget;
			buildConfigurationList = 726B8FFD0F49B282E860797A /* Build configuration list for PBXNativeTarget "TriliumMobileTests" */;
			buildPhases = (
				D5E5E555F20B0A767487F24D /* Sources */,
			);
			buildRules = (
			);
			dependencies = (
				2BFB3F98F9466D05670BC9CB /* PBXTargetDependency */,
			);
			name = TriliumMobileTests;
			packageProductDependencies = (
			);
			productName = TriliumMobileTests;
			productReference = 6BA2982B3E8F898B17FA792F /* TriliumMobileTests.xctest */;
			productType = "com.apple.product-type.bundle.unit-test";
		};
/* End PBXNativeTarget section */

/* Begin PBXProject section */
		7C2B6C3A4D13F124E4F30C69 /* Project object */ = {
			isa = PBXProject;
			attributes = {
				BuildIndependentTargetsInParallel = YES;
				LastUpgradeCheck = 1600;
				TargetAttributes = {
					FCD8CFE4B038A6C9338FFCAC = {
						DevelopmentTeam = "";
						ProvisioningStyle = Manual;
					};
				};
			};
			buildConfigurationList = C4A93A42705F423D88E18AD6 /* Build configuration list for PBXProject "TriliumMobile" */;
			developmentRegion = en;
			hasScannedForEncodings = 0;
			knownRegions = (
				Base,
				en,
			);
			mainGroup = 999D7AE012A137BFDF2C84C1;
			minimizedProjectReferenceProxies = 1;
			preferredProjectObjectVersion = 77;
			productRefGroup = 3D101F113E7467FAA041B643 /* Products */;
			projectDirPath = "";
			projectRoot = "";
			targets = (
				9734BE1E0959CAA3C4E8B028 /* TriliumMobile */,
				FCD8CFE4B038A6C9338FFCAC /* TriliumMobileTests */,
			);
		};
/* End PBXProject section */

/* Begin PBXResourcesBuildPhase section */
		B771B6DEBFE9B27D1D63902B /* Resources */ = {
			isa = PBXResourcesBuildPhase;
			buildActionMask = 2147483647;
			files = (
				45E907B96EF0F9B902753FF8 /* Assets.xcassets in Resources */,
				703BAC549597ECEA89DCC500 /* brackets-curly-fill-svgrepo-com.svg in Resources */,
				FCEC218817945E3C3CA791D4 /* canvas-viewer.html in Resources */,
				6012013145C42363337DB5C7 /* editor.html in Resources */,
				A517E2EFD4BA477B742B54E8 /* foundation--align-center.svg in Resources */,
				F2396CB0C9B8B8E54A85CFB1 /* foundation--align-justify.svg in Resources */,
				32C5AF94F817CAF4DA9E2C13 /* foundation--align-left.svg in Resources */,
				1F148C1A978D79FE7C4D0FC9 /* foundation--align-right.svg in Resources */,
				95C0EBFDEC9BABF57A0BCDAA /* foundation--background-color.svg in Resources */,
				4716758CAB2730D2AA57B88D /* foundation--bold.svg in Resources */,
				DD54232A8303943D63FA846B /* foundation--indent-less.svg in Resources */,
				2008F53F6385F3DD6BB8ED46 /* foundation--indent-more.svg in Resources */,
				2CC5729ECDB0A2DDEB4D829F /* foundation--italic.svg in Resources */,
				26DED1490B2A8F010D1FB147 /* foundation--link.svg in Resources */,
				415C74AB6F72D0A68D671C6E /* foundation--list-bullet.svg in Resources */,
				933C1C1261D4E8FF7507B591 /* foundation--list-number.svg in Resources */,
				4F695659084A017E8ACB5593 /* foundation--list-thumbnails.svg in Resources */,
				BDA9ED41676C4E96C0720D54 /* foundation--photo.svg in Resources */,
				927C4DE99C0DD517A00D8032 /* foundation--quote.svg in Resources */,
				4B28D28488BC8CF0DD527942 /* foundation--strikethrough.svg in Resources */,
				917A96BC08B8E6C3A9CAC65F /* foundation--subscript.svg in Resources */,
				007C4AA895BBE01AF5484E05 /* foundation--superscript.svg in Resources */,
				8039B2EF435A58D62FA03A13 /* foundation--text-color.svg in Resources */,
				A2966067024870CED7AF6BF3 /* foundation--underline.svg in Resources */,
				24A5934903CA0328DC77F7C9 /* grid-1524-svgrepo-com.svg in Resources */,
				927CB9203695D0336F3748AB /* mermaid-viewer.html in Resources */,
				59A4AE7025EA27912573CA6B /* redo-svgrepo-com.svg in Resources */,
				9907D7E173E94B312467F272 /* remove-format-svgrepo-com.svg in Resources */,
				2A540F5768BF7E3DABB00D07 /* tiptap-bundle.min.js in Resources */,
				81BF8F88AB7C406DA2A1E683 /* undo-left-svgrepo-com.svg in Resources */,
			);
			runOnlyForDeploymentPostprocessing = 0;
		};
/* End PBXResourcesBuildPhase section */

/* Begin PBXSourcesBuildPhase section */
		5FFEA8C1B75AC68F91D34E5B /* Sources */ = {
			isa = PBXSourcesBuildPhase;
			buildActionMask = 2147483647;
			files = (
				754A879FA1DDA37170AA53EA /* APIError.swift in Sources */,
				CA001E8DA05CB33A8A727F0F /* APIModels.swift in Sources */,
				0EFA08D054931AF55FD0F8E2 /* AppState.swift in Sources */,
				DCA2D4C01F2C0F6728EAB3F7 /* AttachmentPickerView.swift in Sources */,
				BA058CB3620244D865267114 /* AuthViewModel.swift in Sources */,
				90DE97BC948538E991977EEC /* CachedNote.swift in Sources */,
				77CE8160467A1C1219E65126 /* CanvasNoteView.swift in Sources */,
				E0F077A034E7D1976D6446AD /* CodeNoteView.swift in Sources */,
				66D81ED8AC679EC55AC559DA /* ColorTheme.swift in Sources */,
				CFF699CA926E6A669A3FABB3 /* DomainModels.swift in Sources */,
				28590D18EAFD3460B1F20CFF /* Extensions.swift in Sources */,
				41090F16C1236D56B925D9EB /* FileNoteView.swift in Sources */,
				E19CB9A8C9C6624836C2979F /* HTMLNoteView.swift in Sources */,
				2823CA06FDC279B3B1CEF6A7 /* ImageNoteView.swift in Sources */,
				BC83C597BC6AA79CDF0532C1 /* KeychainManager.swift in Sources */,
				6321501EBCD8D71B1507C39D /* Logger.swift in Sources */,
				36AB1713B91628E2DC1D536A /* LoginView.swift in Sources */,
				2D17A784AB6314059B5DA224 /* MainTabView.swift in Sources */,
				A98BCF4F35678C3BC26C79F5 /* MermaidNoteView.swift in Sources */,
				6C3A8B954D4BD234D17929C9 /* NetworkMonitor.swift in Sources */,
				2508336DDF81992B24C7022B /* NoteDetailView.swift in Sources */,
				F414518B2D2A1CAB40F8F409 /* NoteDetailViewModel.swift in Sources */,
				147471014F56ABCFA799F3D3 /* NoteIconMapper.swift in Sources */,
				9131135FA6420E0CC16654A9 /* NoteType.swift in Sources */,
				11701E4391A0E77B9B967EA7 /* PersistenceManager.swift in Sources */,
				3A8D0A8A9AA14A59D6E8759F /* RecentsView.swift in Sources */,
				3784A07EE90F72A0B719B269 /* RichTextEditorView.swift in Sources */,
				7EF64F1975476BC22F6B875F /* SearchView.swift in Sources */,
				AADD40CE60536A778D25ABC6 /* SearchViewModel.swift in Sources */,
				7200DFDF0217560192A6E210 /* ServerProfile.swift in Sources */,
				52B845F2745DF7B4D2B7EC6E /* SettingsView.swift in Sources */,
				752D257A5FE7650497D31B13 /* SyncManager.swift in Sources */,
				5F0DCDF0980DCAC13D415E9C /* TreeView.swift in Sources */,
				905462682BBDBC46762AE4FE /* TreeViewModel.swift in Sources */,
				21AB6A3E3BAD176604265326 /* TriliumClient.swift in Sources */,
				9B827F096D39C5C62D932ECE /* TrinoteApp.swift in Sources */,
			);
			runOnlyForDeploymentPostprocessing = 0;
		};
		D5E5E555F20B0A767487F24D /* Sources */ = {
			isa = PBXSourcesBuildPhase;
			buildActionMask = 2147483647;
			files = (
				715E5F238638BFC7AE473B11 /* ExtensionsTests.swift in Sources */,
				DCB0E9CF1280953AAE767220 /* KeychainManagerTests.swift in Sources */,
				336DD527AE92EED69184769A /* MockTriliumClient.swift in Sources */,
				52F1C538FCFBAD1479267D82 /* PersistenceTests.swift in Sources */,
				38D29E7765B905D96A31A9FB /* TestFixtures.swift in Sources */,
				B21B91E06C7A2A4A61CCAD94 /* TreeLogicTests.swift in Sources */,
				346FABDA37BE3FE134EDB537 /* TriliumClientTests.swift in Sources */,
			);
			runOnlyForDeploymentPostprocessing = 0;
		};
/* End PBXSourcesBuildPhase section */

/* Begin PBXTargetDependency section */
		2BFB3F98F9466D05670BC9CB /* PBXTargetDependency */ = {
			isa = PBXTargetDependency;
			target = 9734BE1E0959CAA3C4E8B028 /* TriliumMobile */;
			targetProxy = 5BB4C912322CB5882B0E8CEE /* PBXContainerItemProxy */;
		};
/* End PBXTargetDependency section */

/* Begin XCBuildConfiguration section */
		154F0B0EB7CBB01D4DF5649C /* Release */ = {
			isa = XCBuildConfiguration;
			buildSettings = {
				ALWAYS_SEARCH_USER_PATHS = NO;
				ASSETCATALOG_COMPILER_APPICON_NAME = AppIcon;
				CLANG_ANALYZER_NONNULL = YES;
				CLANG_ANALYZER_NUMBER_OBJECT_CONVERSION = YES_AGGRESSIVE;
				CLANG_CXX_LANGUAGE_STANDARD = "gnu++14";
				CLANG_CXX_LIBRARY = "libc++";
				CLANG_ENABLE_MODULES = YES;
				CLANG_ENABLE_OBJC_ARC = YES;
				CLANG_ENABLE_OBJC_WEAK = YES;
				CLANG_WARN_BLOCK_CAPTURE_AUTORELEASING = YES;
				CLANG_WARN_BOOL_CONVERSION = YES;
				CLANG_WARN_COMMA = YES;
				CLANG_WARN_CONSTANT_CONVERSION = YES;
				CLANG_WARN_DEPRECATED_OBJC_IMPLEMENTATIONS = YES;
				CLANG_WARN_DIRECT_OBJC_ISA_USAGE = YES_ERROR;
				CLANG_WARN_DOCUMENTATION_COMMENTS = YES;
				CLANG_WARN_EMPTY_BODY = YES;
				CLANG_WARN_ENUM_CONVERSION = YES;
				CLANG_WARN_INFINITE_RECURSION = YES;
				CLANG_WARN_INT_CONVERSION = YES;
				CLANG_WARN_NON_LITERAL_NULL_CONVERSION = YES;
				CLANG_WARN_OBJC_IMPLICIT_RETAIN_SELF = YES;
				CLANG_WARN_OBJC_LITERAL_CONVERSION = YES;
				CLANG_WARN_OBJC_ROOT_CLASS = YES_ERROR;
				CLANG_WARN_QUOTED_INCLUDE_IN_FRAMEWORK_HEADER = YES;
				CLANG_WARN_RANGE_LOOP_ANALYSIS = YES;
				CLANG_WARN_STRICT_PROTOTYPES = YES;
				CLANG_WARN_SUSPICIOUS_MOVE = YES;
				CLANG_WARN_UNGUARDED_AVAILABILITY = YES_AGGRESSIVE;
				CLANG_WARN_UNREACHABLE_CODE = YES;
				CLANG_WARN__DUPLICATE_METHOD_MATCH = YES;
				CODE_SIGN_STYLE = Manual;
				COPY_PHASE_STRIP = NO;
				DEBUG_INFORMATION_FORMAT = "dwarf-with-dsym";
				DEVELOPMENT_TEAM = "";
				ENABLE_NS_ASSERTIONS = NO;
				ENABLE_STRICT_OBJC_MSGSEND = YES;
				GCC_C_LANGUAGE_STANDARD = gnu11;
				GCC_NO_COMMON_BLOCKS = YES;
				GCC_WARN_64_TO_32_BIT_CONVERSION = YES;
				GCC_WARN_ABOUT_RETURN_TYPE = YES_ERROR;
				GCC_WARN_UNDECLARED_SELECTOR = YES;
				GCC_WARN_UNINITIALIZED_AUTOS = YES_AGGRESSIVE;
				GCC_WARN_UNUSED_FUNCTION = YES;
				GCC_WARN_UNUSED_VARIABLE = YES;
				INFOPLIST_FILE = TriliumMobile/Resources/Info.plist;
				IPHONEOS_DEPLOYMENT_TARGET = 17.0;
				MTL_ENABLE_DEBUG_INFO = NO;
				MTL_FAST_MATH = YES;
				PRODUCT_NAME = "$(TARGET_NAME)";
				SDKROOT = iphoneos;
				SWIFT_COMPILATION_MODE = wholemodule;
				SWIFT_OPTIMIZATION_LEVEL = "-O";
				SWIFT_STRICT_CONCURRENCY = complete;
				SWIFT_VERSION = 5.9;
				TARGETED_DEVICE_FAMILY = 1;
			};
			name = Release;
		};
		852C72265F637084730B9661 /* Debug */ = {
			isa = XCBuildConfiguration;
			buildSettings = {
				ASSETCATALOG_COMPILER_APPICON_NAME = AppIcon;
				CODE_SIGN_IDENTITY = "Apple Development";
				CODE_SIGN_STYLE = Automatic;
				DEVELOPMENT_TEAM = FZA3GV2SVG;
				GENERATE_INFOPLIST_FILE = NO;
				INFOPLIST_FILE = TriliumMobile/Resources/Info.plist;
				IPHONEOS_DEPLOYMENT_TARGET = 17.0;
				LD_RUNPATH_SEARCH_PATHS = (
					"$(inherited)",
					"@executable_path/Frameworks",
				);
				PRODUCT_BUNDLE_IDENTIFIER = com.trilium.mobile;
				PROVISIONING_PROFILE_SPECIFIER = "";
				SDKROOT = iphoneos;
				TARGETED_DEVICE_FAMILY = "1,2";
			};
			name = Debug;
		};
		B7346EEAA054EA3CD48AF6BA /* Release */ = {
			isa = XCBuildConfiguration;
			buildSettings = {
				ASSETCATALOG_COMPILER_APPICON_NAME = AppIcon;
				CODE_SIGN_IDENTITY = "Apple Development";
				CODE_SIGN_STYLE = Automatic;
				DEVELOPMENT_TEAM = FZA3GV2SVG;
				GENERATE_INFOPLIST_FILE = NO;
				INFOPLIST_FILE = TriliumMobile/Resources/Info.plist;
				IPHONEOS_DEPLOYMENT_TARGET = 17.0;
				LD_RUNPATH_SEARCH_PATHS = (
					"$(inherited)",
					"@executable_path/Frameworks",
				);
				PRODUCT_BUNDLE_IDENTIFIER = com.trilium.mobile;
				PROVISIONING_PROFILE_SPECIFIER = "";
				SDKROOT = iphoneos;
				TARGETED_DEVICE_FAMILY = "1,2";
			};
			name = Release;
		};
		D0AD2B39793CD7DB6D9105D7 /* Release */ = {
			isa = XCBuildConfiguration;
			buildSettings = {
				BUNDLE_LOADER = "$(TEST_HOST)";
				GENERATE_INFOPLIST_FILE = YES;
				IPHONEOS_DEPLOYMENT_TARGET = 17.0;
				LD_RUNPATH_SEARCH_PATHS = (
					"$(inherited)",
					"@executable_path/Frameworks",
					"@loader_path/Frameworks",
				);
				PRODUCT_BUNDLE_IDENTIFIER = com.trilium.mobile.tests;
				SDKROOT = iphoneos;
				TARGETED_DEVICE_FAMILY = "1,2";
				TEST_HOST = "$(BUILT_PRODUCTS_DIR)/TriliumMobile.app/$(BUNDLE_EXECUTABLE_FOLDER_PATH)/TriliumMobile";
			};
			name = Release;
		};
		D0B55992525E6CEE1BCB2D65 /* Debug */ = {
			isa = XCBuildConfiguration;
			buildSettings = {
				BUNDLE_LOADER = "$(TEST_HOST)";
				GENERATE_INFOPLIST_FILE = YES;
				IPHONEOS_DEPLOYMENT_TARGET = 17.0;
				LD_RUNPATH_SEARCH_PATHS = (
					"$(inherited)",
					"@executable_path/Frameworks",
					"@loader_path/Frameworks",
				);
				PRODUCT_BUNDLE_IDENTIFIER = com.trilium.mobile.tests;
				SDKROOT = iphoneos;
				TARGETED_DEVICE_FAMILY = "1,2";
				TEST_HOST = "$(BUILT_PRODUCTS_DIR)/TriliumMobile.app/$(BUNDLE_EXECUTABLE_FOLDER_PATH)/TriliumMobile";
			};
			name = Debug;
		};
		E0F50A1A5EA2BFF55AB7DE42 /* Debug */ = {
			isa = XCBuildConfiguration;
			buildSettings = {
				ALWAYS_SEARCH_USER_PATHS = NO;
				ASSETCATALOG_COMPILER_APPICON_NAME = AppIcon;
				CLANG_ANALYZER_NONNULL = YES;
				CLANG_ANALYZER_NUMBER_OBJECT_CONVERSION = YES_AGGRESSIVE;
				CLANG_CXX_LANGUAGE_STANDARD = "gnu++14";
				CLANG_CXX_LIBRARY = "libc++";
				CLANG_ENABLE_MODULES = YES;
				CLANG_ENABLE_OBJC_ARC = YES;
				CLANG_ENABLE_OBJC_WEAK = YES;
				CLANG_WARN_BLOCK_CAPTURE_AUTORELEASING = YES;
				CLANG_WARN_BOOL_CONVERSION = YES;
				CLANG_WARN_COMMA = YES;
				CLANG_WARN_CONSTANT_CONVERSION = YES;
				CLANG_WARN_DEPRECATED_OBJC_IMPLEMENTATIONS = YES;
				CLANG_WARN_DIRECT_OBJC_ISA_USAGE = YES_ERROR;
				CLANG_WARN_DOCUMENTATION_COMMENTS = YES;
				CLANG_WARN_EMPTY_BODY = YES;
				CLANG_WARN_ENUM_CONVERSION = YES;
				CLANG_WARN_INFINITE_RECURSION = YES;
				CLANG_WARN_INT_CONVERSION = YES;
				CLANG_WARN_NON_LITERAL_NULL_CONVERSION = YES;
				CLANG_WARN_OBJC_IMPLICIT_RETAIN_SELF = YES;
				CLANG_WARN_OBJC_LITERAL_CONVERSION = YES;
				CLANG_WARN_OBJC_ROOT_CLASS = YES_ERROR;
				CLANG_WARN_QUOTED_INCLUDE_IN_FRAMEWORK_HEADER = YES;
				CLANG_WARN_RANGE_LOOP_ANALYSIS = YES;
				CLANG_WARN_STRICT_PROTOTYPES = YES;
				CLANG_WARN_SUSPICIOUS_MOVE = YES;
				CLANG_WARN_UNGUARDED_AVAILABILITY = YES_AGGRESSIVE;
				CLANG_WARN_UNREACHABLE_CODE = YES;
				CLANG_WARN__DUPLICATE_METHOD_MATCH = YES;
				CODE_SIGN_STYLE = Manual;
				COPY_PHASE_STRIP = NO;
				DEBUG_INFORMATION_FORMAT = dwarf;
				DEVELOPMENT_TEAM = "";
				ENABLE_STRICT_OBJC_MSGSEND = YES;
				ENABLE_TESTABILITY = YES;
				GCC_C_LANGUAGE_STANDARD = gnu11;
				GCC_DYNAMIC_NO_PIC = NO;
				GCC_NO_COMMON_BLOCKS = YES;
				GCC_OPTIMIZATION_LEVEL = 0;
				GCC_PREPROCESSOR_DEFINITIONS = (
					"$(inherited)",
					"DEBUG=1",
				);
				GCC_WARN_64_TO_32_BIT_CONVERSION = YES;
				GCC_WARN_ABOUT_RETURN_TYPE = YES_ERROR;
				GCC_WARN_UNDECLARED_SELECTOR = YES;
				GCC_WARN_UNINITIALIZED_AUTOS = YES_AGGRESSIVE;
				GCC_WARN_UNUSED_FUNCTION = YES;
				GCC_WARN_UNUSED_VARIABLE = YES;
				INFOPLIST_FILE = TriliumMobile/Resources/Info.plist;
				IPHONEOS_DEPLOYMENT_TARGET = 17.0;
				MTL_ENABLE_DEBUG_INFO = INCLUDE_SOURCE;
				MTL_FAST_MATH = YES;
				ONLY_ACTIVE_ARCH = YES;
				PRODUCT_NAME = "$(TARGET_NAME)";
				SDKROOT = iphoneos;
				SWIFT_ACTIVE_COMPILATION_CONDITIONS = DEBUG;
				SWIFT_OPTIMIZATION_LEVEL = "-Onone";
				SWIFT_STRICT_CONCURRENCY = complete;
				SWIFT_VERSION = 5.9;
				TARGETED_DEVICE_FAMILY = 1;
			};
			name = Debug;
		};
/* End XCBuildConfiguration section */

/* Begin XCConfigurationList section */
		726B8FFD0F49B282E860797A /* Build configuration list for PBXNativeTarget "TriliumMobileTests" */ = {
			isa = XCConfigurationList;
			buildConfigurations = (
				D0B55992525E6CEE1BCB2D65 /* Debug */,
				D0AD2B39793CD7DB6D9105D7 /* Release */,
			);
			defaultConfigurationIsVisible = 0;
			defaultConfigurationName = Debug;
		};
		AF461BEF58C8C4B467A89BBB /* Build configuration list for PBXNativeTarget "TriliumMobile" */ = {
			isa = XCConfigurationList;
			buildConfigurations = (
				852C72265F637084730B9661 /* Debug */,
				B7346EEAA054EA3CD48AF6BA /* Release */,
			);
			defaultConfigurationIsVisible = 0;
			defaultConfigurationName = Debug;
		};
		C4A93A42705F423D88E18AD6 /* Build configuration list for PBXProject "TriliumMobile" */ = {
			isa = XCConfigurationList;
			buildConfigurations = (
				E0F50A1A5EA2BFF55AB7DE42 /* Debug */,
				154F0B0EB7CBB01D4DF5649C /* Release */,
			);
			defaultConfigurationIsVisible = 0;
			defaultConfigurationName = Debug;
		};
/* End XCConfigurationList section */
	};
	rootObject = 7C2B6C3A4D13F124E4F30C69 /* Project object */;
}
